{
  "requires": true,
  "lockfileVersion": 1,
  "dependencies": {
    "rellax": {
      "version": "1.7.1",
      "resolved": "https://registry.npmjs.org/rellax/-/rellax-1.7.1.tgz",
      "integrity": "sha512-z31r9RjKeK5wJU5C6hKBupreKQ7xi+lQHda6ttlc0N1VEyL2ZCPMyckTtvliGRsxqTPqhdCasdhexs8N5aZ4+A=="
    }
  }
}
